
Microsoft Visual Studio Solution File, Format Version 12.00
# Visual Studio Version 16
VisualStudioVersion = 16.0.33130.400
MinimumVisualStudioVersion = 10.0.40219.1
Project("{FAE04EC0-301F-11D3-BF4B-00C04F79EFBC}") = "ConferenceCallTwilio", "ConferenceCallTwilio\ConferenceCallTwilio.csproj", "{29C6C4CA-2A71-4226-8AEC-6529CBD05CF1}"
EndProject
Global
	GlobalSection(SolutionConfigurationPlatforms) = preSolution
		Debug|Any CPU = Debug|Any CPU
		Release|Any CPU = Release|Any CPU
	EndGlobalSection
	GlobalSection(ProjectConfigurationPlatforms) = postSolution
		{29C6C4CA-2A71-4226-8AEC-6529CBD05CF1}.Debug|Any CPU.ActiveCfg = Debug|Any CPU
		{29C6C4CA-2A71-4226-8AEC-6529CBD05CF1}.Debug|Any CPU.Build.0 = Debug|Any CPU
		{29C6C4CA-2A71-4226-8AEC-6529CBD05CF1}.Release|Any CPU.ActiveCfg = Release|Any CPU
		{29C6C4CA-2A71-4226-8AEC-6529CBD05CF1}.Release|Any CPU.Build.0 = Release|Any CPU
	EndGlobalSection
	GlobalSection(SolutionProperties) = preSolution
		HideSolutionNode = FALSE
	EndGlobalSection
	GlobalSection(ExtensibilityGlobals) = postSolution
		SolutionGuid = {5A7168C2-E76D-4E80-B396-B3468B7D01FF}
	EndGlobalSection
EndGlobal
